<?xml version="1.0" encoding="utf-8"?>
<Project ToolsVersion="4.0" xmlns="http://schemas.microsoft.com/developer/msbuild/2003">
  <ItemGroup>
    <ClCompile Include="BeginnersGarden.cpp" />
    <ClCompile Include="CherryBomb.cpp" />
    <ClCompile Include="FumeShroom.cpp" />
    <ClCompile Include="Game.cpp" />
    <ClCompile Include="Graphics.cpp" />
    <ClCompile Include="HelpScreen.cpp" />
    <ClCompile Include="Level.cpp" />
    <ClCompile Include="LoadingScreen.cpp" />
    <ClCompile Include="main.cpp" />
    <ClCompile Include="MainMenuScreen.cpp" />
    <ClCompile Include="PeaShooter.cpp" />
    <ClCompile Include="Plant.cpp" />
    <ClCompile Include="PlantFactory.cpp" />
    <ClCompile Include="Repeater.cpp" />
    <ClCompile Include="Screen.cpp" />
    <ClCompile Include="SnowPea.cpp" />
    <ClCompile Include="SunFlower.cpp" />
    <ClCompile Include="Wallnut.cpp" />
    <ClCompile Include="Zombie.cpp" />
    <ClCompile Include="Bullet.cpp" />
    <ClCompile Include="SnowBullet.cpp" />
  </ItemGroup>
  <ItemGroup>
    <ClInclude Include="BeginnersGarden.h" />
    <ClInclude Include="CherryBomb.h" />
    <ClInclude Include="FumeShroom.h" />
    <ClInclude Include="Game.h" />
    <ClInclude Include="Graphics.h" />
    <ClInclude Include="HelpScreen.h" />
    <ClInclude Include="Level.h" />
    <ClInclude Include="LoadingScreen.h" />
    <ClInclude Include="MainMenuScreen.h" />
    <ClInclude Include="PeaShooter.h" />
    <ClInclude Include="Plant.h" />
    <ClInclude Include="PlantFactory.h" />
    <ClInclude Include="Repeater.h" />
    <ClInclude Include="resource.h" />
    <ClInclude Include="Screen.h" />
    <ClInclude Include="SnowPea.h" />
    <ClInclude Include="structures.h" />
    <ClInclude Include="SunFlower.h" />
    <ClInclude Include="Wallnut.h" />
    <ClInclude Include="Zombie.h" />
    <ClInclude Include="Bullet.h" />
    <ClInclude Include="SnowBullet.h" />
  </ItemGroup>
</Project>